
Microsoft Visual Studio Solution File, Format Version 12.00
# Visual Studio Version 16
VisualStudioVersion = 16.0.30011.22
MinimumVisualStudioVersion = 10.0.40219.1
Project("{FAE04EC0-301F-11D3-BF4B-00C04F79EFBC}") = "PasDiet", "PasDiet\PasDiet.csproj", "{5D192FB5-A873-4E7B-9578-CA4B8DCE6B92}"
EndProject
Global
	GlobalSection(SolutionConfigurationPlatforms) = preSolution
		Debug|Any CPU = Debug|Any CPU
		Release|Any CPU = Release|Any CPU
	EndGlobalSection
	GlobalSection(ProjectConfigurationPlatforms) = postSolution
		{5D192FB5-A873-4E7B-9578-CA4B8DCE6B92}.Debug|Any CPU.ActiveCfg = Debug|Any CPU
		{5D192FB5-A873-4E7B-9578-CA4B8DCE6B92}.Debug|Any CPU.Build.0 = Debug|Any CPU
		{5D192FB5-A873-4E7B-9578-CA4B8DCE6B92}.Release|Any CPU.ActiveCfg = Release|Any CPU
		{5D192FB5-A873-4E7B-9578-CA4B8DCE6B92}.Release|Any CPU.Build.0 = Release|Any CPU
	EndGlobalSection
	GlobalSection(SolutionProperties) = preSolution
		HideSolutionNode = FALSE
	EndGlobalSection
	GlobalSection(ExtensibilityGlobals) = postSolution
		SolutionGuid = {E178FDA3-08EC-49E8-ABA4-9A986BB1B51C}
	EndGlobalSection
EndGlobal
